version = 1
revision = 2
requires-python = ">=3.13"

[[package]]
name = "code-analyzer"
version = "0.1.0"
source = { editable = "." }
dependencies = [
    { name = "easy-kit" },
    { name = "libcst" },
    { name = "loguru" },
    { name = "sexpdata" },
    { name = "tabulate" },
    { name = "tqdm" },
    { name = "tree-sitter" },
    { name = "tree-sitter-python" },
]

[package.metadata]
requires-dist = [
    { name = "easy-kit", specifier = ">=0.1.25" },
    { name = "libcst", specifier = ">=1.8.2" },
    { name = "loguru", specifier = ">=0.7.3" },
    { name = "sexpdata", specifier = ">=1.0.2" },
    { name = "tabulate", specifier = ">=0.9.0" },
    { name = "tqdm", specifier = ">=4.67.1" },
    { name = "tree-sitter", specifier = ">=0.25.1" },
    { name = "tree-sitter-python", specifier = ">=0.25.0" },
]

[[package]]
name = "colorama"
version = "0.4.6"
source = { registry = "https://pypi.org/simple" }
sdist = { url = "https://files.pythonhosted.org/packages/d8/53/6f443c9a4a8358a93a6792e2acffb9d9d5cb0a5cfd8802644b7b1c9a02e4/colorama-0.4.6.tar.gz", hash = "sha256:08695f5cb7ed6e0531a20572697297273c47b8cae5a63ffc6d6ed5c201be6e44", size = 27697, upload-time = "2022-10-25T02:36:22.414Z" }
wheels = [
    { url = "https://files.pythonhosted.org/packages/d1/d6/3965ed04c63042e047cb6a3e6ed1a63a35087b6a609aa3a15ed8ac56c221/colorama-0.4.6-py2.py3-none-any.whl", hash = "sha256:4f1d9991f5acc0ca119f9d443620b77f9d6b33703e51011c16baf57afb285fc6", size = 25335, upload-time = "2022-10-25T02:36:20.889Z" },
]

[[package]]
name = "easy-kit"
version = "0.1.25"
source = { registry = "https://pypi.org/simple" }
sdist = { url = "https://files.pythonhosted.org/packages/73/09/f6ae6ccc41004dec2ae5777c973f0cde74089bbd55dbd95adb291c2f12b3/easy_kit-0.1.25.tar.gz", hash = "sha256:ce2aca6b9521a6ed3a098dc3dd46378083d1a3f95a76203f32e1ca28c4193591", size = 5970, upload-time = "2025-07-30T21:23:19.27Z" }
wheels = [
    { url = "https://files.pythonhosted.org/packages/60/f1/871cb6e63f2970e78ed4b8182e8366edcc67118be8d32071e287c201136a/easy_kit-0.1.25-py3-none-any.whl", hash = "sha256:d4b1bbd69f95f97eb52bbf72ba8de8b538572dc609a54eb880a559747f8cded7", size = 7364, upload-time = "2025-07-30T21:23:18.473Z" },
]

[[package]]
name = "libcst"
version = "1.8.2"
source = { registry = "https://pypi.org/simple" }
dependencies = [
    { name = "pyyaml-ft" },
]
sdist = { url = "https://files.pythonhosted.org/packages/89/aa/b52d195b167958fe1bd106a260f64cc80ec384f6ac2a9cda874d8803df06/libcst-1.8.2.tar.gz", hash = "sha256:66e82cedba95a6176194a817be4232c720312f8be6d2c8f3847f3317d95a0c7f", size = 881534, upload-time = "2025-06-13T20:56:37.915Z" }
wheels = [
    { url = "https://files.pythonhosted.org/packages/11/9c/e3d4c7f1eb5c23907f905f84a4da271b60cd15b746ac794d42ea18bb105e/libcst-1.8.2-cp313-cp313-macosx_10_13_x86_64.whl", hash = "sha256:08e9dca4ab6f8551794ce7ec146f86def6a82da41750cbed2c07551345fa10d3", size = 2185848, upload-time = "2025-06-13T20:55:43.653Z" },
    { url = "https://files.pythonhosted.org/packages/59/e0/635cbb205d42fd296c01ab5cd1ba485b0aee92bffe061de587890c81f1bf/libcst-1.8.2-cp313-cp313-macosx_11_0_arm64.whl", hash = "sha256:8310521f2ccb79b5c4345750d475b88afa37bad930ab5554735f85ad5e3add30", size = 2072510, upload-time = "2025-06-13T20:55:45.287Z" },
    { url = "https://files.pythonhosted.org/packages/fe/45/8911cfe9413fd690a024a1ff2c8975f060dd721160178679d3f6a21f939e/libcst-1.8.2-cp313-cp313-manylinux1_i686.manylinux2014_i686.manylinux_2_17_i686.manylinux_2_5_i686.whl", hash = "sha256:da2d8b008aff72acd5a4a588491abdda1b446f17508e700f26df9be80d8442ae", size = 2403226, upload-time = "2025-06-13T20:55:46.927Z" },
    { url = "https://files.pythonhosted.org/packages/38/83/819d2b1b1fd870ad34ce4f34ec68704ca69bf48ef2d7665483115f267ec4/libcst-1.8.2-cp313-cp313-manylinux_2_28_aarch64.whl", hash = "sha256:be821d874ce8b26cbadd7277fa251a9b37f6d2326f8b5682b6fc8966b50a3a59", size = 2220669, upload-time = "2025-06-13T20:55:48.597Z" },
    { url = "https://files.pythonhosted.org/packages/d4/2f/2c4742bf834f88a9803095915c4f41cafefb7b04bde66ea86f74668b4b7b/libcst-1.8.2-cp313-cp313-manylinux_2_28_armv7l.manylinux_2_31_armv7l.whl", hash = "sha256:f74b0bc7378ad5afcf25ac9d0367b4dbba50f6f6468faa41f5dfddcf8bf9c0f8", size = 2191919, upload-time = "2025-06-13T20:55:50.092Z" },
    { url = "https://files.pythonhosted.org/packages/64/f4/107e13815f1ee5aad642d4eb4671c0273ee737f3832e3dbca9603b39f8d9/libcst-1.8.2-cp313-cp313-manylinux_2_28_x86_64.whl", hash = "sha256:b68ea4a6018abfea1f68d50f74de7d399172684c264eb09809023e2c8696fc23", size = 2311965, upload-time = "2025-06-13T20:55:51.974Z" },
    { url = "https://files.pythonhosted.org/packages/03/63/2948b6e4be367ad375d273a8ad00df573029cffe5ac8f6c09398c250de5b/libcst-1.8.2-cp313-cp313-musllinux_1_2_aarch64.whl", hash = "sha256:2e264307ec49b2c72480422abafe80457f90b4e6e693b7ddf8a23d24b5c24001", size = 2281704, upload-time = "2025-06-13T20:55:54.036Z" },
    { url = "https://files.pythonhosted.org/packages/c8/d3/590cde9c8c386d5f4f05fdef3394c437ea51060478a5141ff4a1f289e747/libcst-1.8.2-cp313-cp313-musllinux_1_2_x86_64.whl", hash = "sha256:a5d5519962ce7c72d81888fb0c09e58e308ba4c376e76bcd853b48151063d6a8", size = 2387511, upload-time = "2025-06-13T20:55:55.538Z" },
    { url = "https://files.pythonhosted.org/packages/96/3d/ba5e36c663028043fc607dc33e5c390c7f73136fb15a890fb3710ee9d158/libcst-1.8.2-cp313-cp313-win_amd64.whl", hash = "sha256:b62aa11d6b74ed5545e58ac613d3f63095e5fd0254b3e0d1168fda991b9a6b41", size = 2094526, upload-time = "2025-06-13T20:55:57.486Z" },
    { url = "https://files.pythonhosted.org/packages/a5/34/530ca3b972dddad562f266c81190bea29376f8ba70054ea7b45b114504cd/libcst-1.8.2-cp313-cp313-win_arm64.whl", hash = "sha256:9c2bd4ac288a9cdb7ffc3229a9ce8027a66a3fd3f2ab9e13da60f5fbfe91f3b2", size = 1984627, upload-time = "2025-06-13T20:55:59.017Z" },
    { url = "https://files.pythonhosted.org/packages/19/9f/491f7b8d9d93444cd9bf711156ee1f122c38d25b903599e363d669acc8ab/libcst-1.8.2-cp313-cp313t-macosx_10_13_x86_64.whl", hash = "sha256:08a8c7d9922ca6eed24e2c13a3c552b3c186af8fc78e5d4820b58487d780ec19", size = 2175415, upload-time = "2025-06-13T20:56:01.157Z" },
    { url = "https://files.pythonhosted.org/packages/2e/fe/4d13437f453f92687246aa7c5138e102ee5186fe96609ee4c598bb9f9ecb/libcst-1.8.2-cp313-cp313t-macosx_11_0_arm64.whl", hash = "sha256:bba7c2b5063e8ada5a5477f9fa0c01710645426b5a8628ec50d558542a0a292e", size = 2063719, upload-time = "2025-06-13T20:56:02.787Z" },
    { url = "https://files.pythonhosted.org/packages/94/59/758ae142c6607f275269021362b731e0f22ff5c9aa7cc67b0ed3a6bc930f/libcst-1.8.2-cp313-cp313t-manylinux1_i686.manylinux2014_i686.manylinux_2_17_i686.manylinux_2_5_i686.whl", hash = "sha256:d97c9fe13aacfbefded6861f5200dcb8e837da7391a9bdeb44ccb133705990af", size = 2380624, upload-time = "2025-06-13T20:56:04.909Z" },
    { url = "https://files.pythonhosted.org/packages/ac/c5/31d214a0bcb3523243a9b5643b597ff653d6ec9e1f3326cfcc16bcbf185d/libcst-1.8.2-cp313-cp313t-manylinux_2_28_aarch64.whl", hash = "sha256:d2194ae959630aae4176a4b75bd320b3274c20bef2a5ca6b8d6fc96d3c608edf", size = 2208801, upload-time = "2025-06-13T20:56:06.983Z" },
    { url = "https://files.pythonhosted.org/packages/70/16/a53f852322b266c63b492836a5c4968f192ee70fb52795a79feb4924e9ed/libcst-1.8.2-cp313-cp313t-manylinux_2_28_armv7l.manylinux_2_31_armv7l.whl", hash = "sha256:0be639f5b2e1999a4b4a82a0f4633969f97336f052d0c131627983589af52f56", size = 2179557, upload-time = "2025-06-13T20:56:09.09Z" },
    { url = "https://files.pythonhosted.org/packages/fa/49/12a5664c73107187ba3af14869d3878fca1fd4c37f6fbb9adb943cb7a791/libcst-1.8.2-cp313-cp313t-manylinux_2_28_x86_64.whl", hash = "sha256:6753e50904e05c27915933da41518ecd7a8ca4dd3602112ba44920c6e353a455", size = 2302499, upload-time = "2025-06-13T20:56:10.751Z" },
    { url = "https://files.pythonhosted.org/packages/e9/46/2d62552a9346a040c045d6619b645d59bb707a586318121f099abd0cd5c4/libcst-1.8.2-cp313-cp313t-musllinux_1_2_aarch64.whl", hash = "sha256:706d07106af91c343150be86caeae1ea3851b74aa0730fcbbf8cd089e817f818", size = 2271070, upload-time = "2025-06-13T20:56:12.445Z" },
    { url = "https://files.pythonhosted.org/packages/af/67/b625fd6ae22575255aade0a24f45e1d430b7e7279729c9c51d4faac982d2/libcst-1.8.2-cp313-cp313t-musllinux_1_2_x86_64.whl", hash = "sha256:dd4310ea8ddc49cc8872e083737cf806299b17f93159a1f354d59aa08993e876", size = 2380767, upload-time = "2025-06-13T20:56:13.995Z" },
    { url = "https://files.pythonhosted.org/packages/e6/84/fb88f2ffdb045ff7323a6c05dd3d243a9eb3cb3517a6269dee43fbfb9990/libcst-1.8.2-cp313-cp313t-win_amd64.whl", hash = "sha256:51bbafdd847529e8a16d1965814ed17831af61452ee31943c414cb23451de926", size = 2083403, upload-time = "2025-06-13T20:56:15.959Z" },
    { url = "https://files.pythonhosted.org/packages/d3/8f/da755d6d517eb8ec9664afae967b00a9b8dd567bbbb350e261359c1b47fc/libcst-1.8.2-cp313-cp313t-win_arm64.whl", hash = "sha256:4f14f5045766646ed9e8826b959c6d07194788babed1e0ba08c94ea4f39517e3", size = 1974355, upload-time = "2025-06-13T20:56:18.064Z" },
]

[[package]]
name = "loguru"
version = "0.7.3"
source = { registry = "https://pypi.org/simple" }
dependencies = [
    { name = "colorama", marker = "sys_platform == 'win32'" },
    { name = "win32-setctime", marker = "sys_platform == 'win32'" },
]
sdist = { url = "https://files.pythonhosted.org/packages/3a/05/a1dae3dffd1116099471c643b8924f5aa6524411dc6c63fdae648c4f1aca/loguru-0.7.3.tar.gz", hash = "sha256:19480589e77d47b8d85b2c827ad95d49bf31b0dcde16593892eb51dd18706eb6", size = 63559, upload-time = "2024-12-06T11:20:56.608Z" }
wheels = [
    { url = "https://files.pythonhosted.org/packages/0c/29/0348de65b8cc732daa3e33e67806420b2ae89bdce2b04af740289c5c6c8c/loguru-0.7.3-py3-none-any.whl", hash = "sha256:31a33c10c8e1e10422bfd431aeb5d351c7cf7fa671e3c4df004162264b28220c", size = 61595, upload-time = "2024-12-06T11:20:54.538Z" },
]

[[package]]
name = "pyyaml-ft"
version = "8.0.0"
source = { registry = "https://pypi.org/simple" }
sdist = { url = "https://files.pythonhosted.org/packages/5e/eb/5a0d575de784f9a1f94e2b1288c6886f13f34185e13117ed530f32b6f8a8/pyyaml_ft-8.0.0.tar.gz", hash = "sha256:0c947dce03954c7b5d38869ed4878b2e6ff1d44b08a0d84dc83fdad205ae39ab", size = 141057, upload-time = "2025-06-10T15:32:15.613Z" }
wheels = [
    { url = "https://files.pythonhosted.org/packages/68/ba/a067369fe61a2e57fb38732562927d5bae088c73cb9bb5438736a9555b29/pyyaml_ft-8.0.0-cp313-cp313-macosx_10_13_x86_64.whl", hash = "sha256:8c1306282bc958bfda31237f900eb52c9bedf9b93a11f82e1aab004c9a5657a6", size = 187027, upload-time = "2025-06-10T15:31:48.722Z" },
    { url = "https://files.pythonhosted.org/packages/ad/c5/a3d2020ce5ccfc6aede0d45bcb870298652ac0cf199f67714d250e0cdf39/pyyaml_ft-8.0.0-cp313-cp313-macosx_11_0_arm64.whl", hash = "sha256:30c5f1751625786c19de751e3130fc345ebcba6a86f6bddd6e1285342f4bbb69", size = 176146, upload-time = "2025-06-10T15:31:50.584Z" },
    { url = "https://files.pythonhosted.org/packages/e3/bb/23a9739291086ca0d3189eac7cd92b4d00e9fdc77d722ab610c35f9a82ba/pyyaml_ft-8.0.0-cp313-cp313-manylinux_2_17_aarch64.manylinux2014_aarch64.whl", hash = "sha256:3fa992481155ddda2e303fcc74c79c05eddcdbc907b888d3d9ce3ff3e2adcfb0", size = 746792, upload-time = "2025-06-10T15:31:52.304Z" },
    { url = "https://files.pythonhosted.org/packages/5f/c2/e8825f4ff725b7e560d62a3609e31d735318068e1079539ebfde397ea03e/pyyaml_ft-8.0.0-cp313-cp313-manylinux_2_17_s390x.manylinux2014_s390x.whl", hash = "sha256:cec6c92b4207004b62dfad1f0be321c9f04725e0f271c16247d8b39c3bf3ea42", size = 786772, upload-time = "2025-06-10T15:31:54.712Z" },
    { url = "https://files.pythonhosted.org/packages/35/be/58a4dcae8854f2fdca9b28d9495298fd5571a50d8430b1c3033ec95d2d0e/pyyaml_ft-8.0.0-cp313-cp313-manylinux_2_17_x86_64.manylinux2014_x86_64.whl", hash = "sha256:06237267dbcab70d4c0e9436d8f719f04a51123f0ca2694c00dd4b68c338e40b", size = 778723, upload-time = "2025-06-10T15:31:56.093Z" },
    { url = "https://files.pythonhosted.org/packages/86/ed/fed0da92b5d5d7340a082e3802d84c6dc9d5fa142954404c41a544c1cb92/pyyaml_ft-8.0.0-cp313-cp313-musllinux_1_2_aarch64.whl", hash = "sha256:8a7f332bc565817644cdb38ffe4739e44c3e18c55793f75dddb87630f03fc254", size = 758478, upload-time = "2025-06-10T15:31:58.314Z" },
    { url = "https://files.pythonhosted.org/packages/f0/69/ac02afe286275980ecb2dcdc0156617389b7e0c0a3fcdedf155c67be2b80/pyyaml_ft-8.0.0-cp313-cp313-musllinux_1_2_x86_64.whl", hash = "sha256:7d10175a746be65f6feb86224df5d6bc5c049ebf52b89a88cf1cd78af5a367a8", size = 799159, upload-time = "2025-06-10T15:31:59.675Z" },
    { url = "https://files.pythonhosted.org/packages/4e/ac/c492a9da2e39abdff4c3094ec54acac9747743f36428281fb186a03fab76/pyyaml_ft-8.0.0-cp313-cp313-win_amd64.whl", hash = "sha256:58e1015098cf8d8aec82f360789c16283b88ca670fe4275ef6c48c5e30b22a96", size = 158779, upload-time = "2025-06-10T15:32:01.029Z" },
    { url = "https://files.pythonhosted.org/packages/5d/9b/41998df3298960d7c67653669f37710fa2d568a5fc933ea24a6df60acaf6/pyyaml_ft-8.0.0-cp313-cp313t-macosx_10_13_x86_64.whl", hash = "sha256:e64fa5f3e2ceb790d50602b2fd4ec37abbd760a8c778e46354df647e7c5a4ebb", size = 191331, upload-time = "2025-06-10T15:32:02.602Z" },
    { url = "https://files.pythonhosted.org/packages/0f/16/2710c252ee04cbd74d9562ebba709e5a284faeb8ada88fcda548c9191b47/pyyaml_ft-8.0.0-cp313-cp313t-macosx_11_0_arm64.whl", hash = "sha256:8d445bf6ea16bb93c37b42fdacfb2f94c8e92a79ba9e12768c96ecde867046d1", size = 182879, upload-time = "2025-06-10T15:32:04.466Z" },
    { url = "https://files.pythonhosted.org/packages/9a/40/ae8163519d937fa7bfa457b6f78439cc6831a7c2b170e4f612f7eda71815/pyyaml_ft-8.0.0-cp313-cp313t-manylinux_2_17_aarch64.manylinux2014_aarch64.whl", hash = "sha256:8c56bb46b4fda34cbb92a9446a841da3982cdde6ea13de3fbd80db7eeeab8b49", size = 811277, upload-time = "2025-06-10T15:32:06.214Z" },
    { url = "https://files.pythonhosted.org/packages/f9/66/28d82dbff7f87b96f0eeac79b7d972a96b4980c1e445eb6a857ba91eda00/pyyaml_ft-8.0.0-cp313-cp313t-manylinux_2_17_s390x.manylinux2014_s390x.whl", hash = "sha256:dab0abb46eb1780da486f022dce034b952c8ae40753627b27a626d803926483b", size = 831650, upload-time = "2025-06-10T15:32:08.076Z" },
    { url = "https://files.pythonhosted.org/packages/e8/df/161c4566facac7d75a9e182295c223060373d4116dead9cc53a265de60b9/pyyaml_ft-8.0.0-cp313-cp313t-manylinux_2_17_x86_64.manylinux2014_x86_64.whl", hash = "sha256:bd48d639cab5ca50ad957b6dd632c7dd3ac02a1abe0e8196a3c24a52f5db3f7a", size = 815755, upload-time = "2025-06-10T15:32:09.435Z" },
    { url = "https://files.pythonhosted.org/packages/05/10/f42c48fa5153204f42eaa945e8d1fd7c10d6296841dcb2447bf7da1be5c4/pyyaml_ft-8.0.0-cp313-cp313t-musllinux_1_2_aarch64.whl", hash = "sha256:052561b89d5b2a8e1289f326d060e794c21fa068aa11255fe71d65baf18a632e", size = 810403, upload-time = "2025-06-10T15:32:11.051Z" },
    { url = "https://files.pythonhosted.org/packages/d5/d2/e369064aa51009eb9245399fd8ad2c562bd0bcd392a00be44b2a824ded7c/pyyaml_ft-8.0.0-cp313-cp313t-musllinux_1_2_x86_64.whl", hash = "sha256:3bb4b927929b0cb162fb1605392a321e3333e48ce616cdcfa04a839271373255", size = 835581, upload-time = "2025-06-10T15:32:12.897Z" },
    { url = "https://files.pythonhosted.org/packages/c0/28/26534bed77109632a956977f60d8519049f545abc39215d086e33a61f1f2/pyyaml_ft-8.0.0-cp313-cp313t-win_amd64.whl", hash = "sha256:de04cfe9439565e32f178106c51dd6ca61afaa2907d143835d501d84703d3793", size = 171579, upload-time = "2025-06-10T15:32:14.34Z" },
]

[[package]]
name = "sexpdata"
version = "1.0.2"
source = { registry = "https://pypi.org/simple" }
sdist = { url = "https://files.pythonhosted.org/packages/a7/7f/369a478863a39351be75e0a12602bc29196b31f87bf3432bed2be6379f8e/sexpdata-1.0.2.tar.gz", hash = "sha256:92b67b0361f6766f8f9e44b9519cf3fbcfafa755db85bbf893c3e1cf4ddac109", size = 8906, upload-time = "2024-01-09T07:09:59.096Z" }
wheels = [
    { url = "https://files.pythonhosted.org/packages/f1/f3/ec9f8cc20dc1f34c926f0ec3f43b73fa2da59cf08e432fb8ae5b666b2027/sexpdata-1.0.2-py3-none-any.whl", hash = "sha256:b39c918f055a85c5c35c1d4f7930aabb176bd29016e5ba5692e7e849914b2a1a", size = 10337, upload-time = "2024-01-09T07:09:57.185Z" },
]

[[package]]
name = "tabulate"
version = "0.9.0"
source = { registry = "https://pypi.org/simple" }
sdist = { url = "https://files.pythonhosted.org/packages/ec/fe/802052aecb21e3797b8f7902564ab6ea0d60ff8ca23952079064155d1ae1/tabulate-0.9.0.tar.gz", hash = "sha256:0095b12bf5966de529c0feb1fa08671671b3368eec77d7ef7ab114be2c068b3c", size = 81090, upload-time = "2022-10-06T17:21:48.54Z" }
wheels = [
    { url = "https://files.pythonhosted.org/packages/40/44/4a5f08c96eb108af5cb50b41f76142f0afa346dfa99d5296fe7202a11854/tabulate-0.9.0-py3-none-any.whl", hash = "sha256:024ca478df22e9340661486f85298cff5f6dcdba14f3813e8830015b9ed1948f", size = 35252, upload-time = "2022-10-06T17:21:44.262Z" },
]

[[package]]
name = "tqdm"
version = "4.67.1"
source = { registry = "https://pypi.org/simple" }
dependencies = [
    { name = "colorama", marker = "sys_platform == 'win32'" },
]
sdist = { url = "https://files.pythonhosted.org/packages/a8/4b/29b4ef32e036bb34e4ab51796dd745cdba7ed47ad142a9f4a1eb8e0c744d/tqdm-4.67.1.tar.gz", hash = "sha256:f8aef9c52c08c13a65f30ea34f4e5aac3fd1a34959879d7e59e63027286627f2", size = 169737, upload-time = "2024-11-24T20:12:22.481Z" }
wheels = [
    { url = "https://files.pythonhosted.org/packages/d0/30/dc54f88dd4a2b5dc8a0279bdd7270e735851848b762aeb1c1184ed1f6b14/tqdm-4.67.1-py3-none-any.whl", hash = "sha256:26445eca388f82e72884e0d580d5464cd801a3ea01e63e5601bdff9ba6a48de2", size = 78540, upload-time = "2024-11-24T20:12:19.698Z" },
]

[[package]]
name = "tree-sitter"
version = "0.25.1"
source = { registry = "https://pypi.org/simple" }
sdist = { url = "https://files.pythonhosted.org/packages/89/2b/02a642e67605b9dd59986b00d13a076044dede04025a243f0592ac79d68c/tree-sitter-0.25.1.tar.gz", hash = "sha256:cd761ad0e4d1fc88a4b1b8083bae06d4f973acf6f5f29bbf13ea9609c1dec9c1", size = 177874, upload-time = "2025-08-05T17:14:34.193Z" }
wheels = [
    { url = "https://files.pythonhosted.org/packages/3f/d3/bfb08aab9c7daed2715f303cc017329e3512bb77678cc28829681decadd2/tree_sitter-0.25.1-cp313-cp313-macosx_10_13_x86_64.whl", hash = "sha256:ae1eebc175e6a50b38b0e0385cdc26e92ac0bff9b32ee1c0619bbbf6829d57ea", size = 146920, upload-time = "2025-08-05T17:14:17.483Z" },
    { url = "https://files.pythonhosted.org/packages/f9/36/7f897c50489c38665255579646fca8191e1b9e5a29ac9cf11022e42e1e2b/tree_sitter-0.25.1-cp313-cp313-macosx_11_0_arm64.whl", hash = "sha256:9e0ae03c4f132f1bffb2bc40b1bb28742785507da693ab04da8531fe534ada9c", size = 140782, upload-time = "2025-08-05T17:14:18.594Z" },
    { url = "https://files.pythonhosted.org/packages/16/e6/85012113899296b8e0789ae94f562d3971d7d3df989e8bec6128749394e1/tree_sitter-0.25.1-cp313-cp313-manylinux2014_aarch64.manylinux_2_17_aarch64.manylinux_2_28_aarch64.whl", hash = "sha256:acf571758be0a71046a61a0936cb815f15b13e0ae7ec6d08398e4aa1560b371d", size = 607590, upload-time = "2025-08-05T17:14:19.782Z" },
    { url = "https://files.pythonhosted.org/packages/49/93/605b08dc4cf76d08cfacebc30a88467c6526ea5c94592c25240518e38b71/tree_sitter-0.25.1-cp313-cp313-manylinux2014_x86_64.manylinux_2_17_x86_64.manylinux_2_28_x86_64.whl", hash = "sha256:632910847e3f8ae35841f92cba88a9a1b8bc56ecc1514a5affebf7951fa0fc0a", size = 635553, upload-time = "2025-08-05T17:14:21.107Z" },
    { url = "https://files.pythonhosted.org/packages/ce/27/123667f756bb32168507c940db9040104c606fbb0214397d3c20cf985073/tree_sitter-0.25.1-cp313-cp313-musllinux_1_2_x86_64.whl", hash = "sha256:a99ecef7771afb118b2a8435c8ba67ea7a085c60d5d33dc0a4794ed882e5f7df", size = 630844, upload-time = "2025-08-05T17:14:22.078Z" },
    { url = "https://files.pythonhosted.org/packages/2f/53/180b0ed74153a3c9a23967f54774d5930c2e0b67671ae4ca0d4d35ba18ac/tree_sitter-0.25.1-cp313-cp313-win_amd64.whl", hash = "sha256:c1d6393454d1f9d4195c74e40a487640cd4390cd4aee90837485f932a1a0f40c", size = 127159, upload-time = "2025-08-05T17:14:23.061Z" },
    { url = "https://files.pythonhosted.org/packages/32/fb/b8b7b5122ac4a80cd689a5023f2416910e10f9534ace1cdf0020a315d40d/tree_sitter-0.25.1-cp313-cp313-win_arm64.whl", hash = "sha256:c1d2dbf7d12426b71ff49739f599c355f4de338a5c0ab994de2a1d290f6e0b20", size = 113920, upload-time = "2025-08-05T17:14:23.879Z" },
    { url = "https://files.pythonhosted.org/packages/70/8c/cb851da552baf4215baf96443e5e9e39095083a95bc05c4444e640fe0fe8/tree_sitter-0.25.1-cp314-cp314-macosx_10_13_x86_64.whl", hash = "sha256:32cee52264d9ecf98885fcac0185ac63e16251b31dd8b4a3b8d8071173405f8f", size = 146775, upload-time = "2025-08-05T17:14:25.064Z" },
    { url = "https://files.pythonhosted.org/packages/f3/59/002c89df1e8f1664b82023e5d0c06de97fff5c2a2e33dce1a241c8909758/tree_sitter-0.25.1-cp314-cp314-macosx_11_0_arm64.whl", hash = "sha256:ae024d8ccfef51e61c44a81af7a48670601430701c24f450bea10f4b4effd8d1", size = 140787, upload-time = "2025-08-05T17:14:25.914Z" },
    { url = "https://files.pythonhosted.org/packages/39/48/c9e6deb88f3c7f16963ef205e5b8e3ea7f5effd048b4515d09738c7b032b/tree_sitter-0.25.1-cp314-cp314-manylinux2014_aarch64.manylinux_2_17_aarch64.manylinux_2_28_aarch64.whl", hash = "sha256:d025c56c393cea660df9ef33ca60329952a1f8ee6212d21b2b390dfec08a3874", size = 609173, upload-time = "2025-08-05T17:14:26.817Z" },
    { url = "https://files.pythonhosted.org/packages/53/a8/b782576d7ea081a87285d974005155da03b6d0c66283fe1e3a5e0dd4bd98/tree_sitter-0.25.1-cp314-cp314-manylinux2014_x86_64.manylinux_2_17_x86_64.manylinux_2_28_x86_64.whl", hash = "sha256:044aa23ea14f337809821bea7467f33f4c6d351739dca76ba0cbe4d0154d8662", size = 635994, upload-time = "2025-08-05T17:14:28.343Z" },
    { url = "https://files.pythonhosted.org/packages/70/0a/c5b6c9cdb7bd4bf0c3d2bd494fcf356acc53f8e63007dc2a836d95bbe964/tree_sitter-0.25.1-cp314-cp314-musllinux_1_2_x86_64.whl", hash = "sha256:1863d96704eb002df4ad3b738294ae8bd5dcf8cefb715da18bff6cb2d33d978e", size = 630944, upload-time = "2025-08-05T17:14:31.123Z" },
    { url = "https://files.pythonhosted.org/packages/12/2a/d0b097157c2d487f5e6293dae2c106ec9ede792a6bb780249e81432e754d/tree_sitter-0.25.1-cp314-cp314-win_amd64.whl", hash = "sha256:a40a481e28e1afdbc455932d61e49ffd4163aafa83f4a3deb717524a7786197e", size = 130831, upload-time = "2025-08-05T17:14:32.458Z" },
    { url = "https://files.pythonhosted.org/packages/ce/33/3591e7b22dd49f46ae4fdee1db316ecefd0486cae880c5b497a55f0ccb24/tree_sitter-0.25.1-cp314-cp314-win_arm64.whl", hash = "sha256:f7b68f584336b39b2deab9896b629dddc3c784170733d3409f01fe825e9c04eb", size = 117376, upload-time = "2025-08-05T17:14:33.283Z" },
]

[[package]]
name = "tree-sitter-python"
version = "0.25.0"
source = { registry = "https://pypi.org/simple" }
sdist = { url = "https://files.pythonhosted.org/packages/b8/8b/c992ff0e768cb6768d5c96234579bf8842b3a633db641455d86dd30d5dac/tree_sitter_python-0.25.0.tar.gz", hash = "sha256:b13e090f725f5b9c86aa455a268553c65cadf325471ad5b65cd29cac8a1a68ac", size = 159845, upload-time = "2025-09-11T06:47:58.159Z" }
wheels = [
    { url = "https://files.pythonhosted.org/packages/cf/64/a4e503c78a4eb3ac46d8e72a29c1b1237fa85238d8e972b063e0751f5a94/tree_sitter_python-0.25.0-cp310-abi3-macosx_10_9_x86_64.whl", hash = "sha256:14a79a47ddef72f987d5a2c122d148a812169d7484ff5c75a3db9609d419f361", size = 73790, upload-time = "2025-09-11T06:47:47.652Z" },
    { url = "https://files.pythonhosted.org/packages/e6/1d/60d8c2a0cc63d6ec4ba4e99ce61b802d2e39ef9db799bdf2a8f932a6cd4b/tree_sitter_python-0.25.0-cp310-abi3-macosx_11_0_arm64.whl", hash = "sha256:480c21dbd995b7fe44813e741d71fed10ba695e7caab627fb034e3828469d762", size = 76691, upload-time = "2025-09-11T06:47:49.038Z" },
    { url = "https://files.pythonhosted.org/packages/aa/cb/d9b0b67d037922d60cbe0359e0c86457c2da721bc714381a63e2c8e35eba/tree_sitter_python-0.25.0-cp310-abi3-manylinux1_x86_64.manylinux_2_28_x86_64.manylinux_2_5_x86_64.whl", hash = "sha256:86f118e5eecad616ecdb81d171a36dde9bef5a0b21ed71ea9c3e390813c3baf5", size = 108133, upload-time = "2025-09-11T06:47:50.499Z" },
    { url = "https://files.pythonhosted.org/packages/40/bd/bf4787f57e6b2860f3f1c8c62f045b39fb32d6bac4b53d7a9e66de968440/tree_sitter_python-0.25.0-cp310-abi3-manylinux2014_aarch64.manylinux_2_17_aarch64.manylinux_2_28_aarch64.whl", hash = "sha256:be71650ca2b93b6e9649e5d65c6811aad87a7614c8c1003246b303f6b150f61b", size = 110603, upload-time = "2025-09-11T06:47:51.985Z" },
    { url = "https://files.pythonhosted.org/packages/5d/25/feff09f5c2f32484fbce15db8b49455c7572346ce61a699a41972dea7318/tree_sitter_python-0.25.0-cp310-abi3-musllinux_1_2_aarch64.whl", hash = "sha256:e6d5b5799628cc0f24691ab2a172a8e676f668fe90dc60468bee14084a35c16d", size = 108998, upload-time = "2025-09-11T06:47:53.046Z" },
    { url = "https://files.pythonhosted.org/packages/75/69/4946da3d6c0df316ccb938316ce007fb565d08f89d02d854f2d308f0309f/tree_sitter_python-0.25.0-cp310-abi3-musllinux_1_2_x86_64.whl", hash = "sha256:71959832fc5d9642e52c11f2f7d79ae520b461e63334927e93ca46cd61cd9683", size = 107268, upload-time = "2025-09-11T06:47:54.388Z" },
    { url = "https://files.pythonhosted.org/packages/ed/a2/996fc2dfa1076dc460d3e2f3c75974ea4b8f02f6bc925383aaae519920e8/tree_sitter_python-0.25.0-cp310-abi3-win_amd64.whl", hash = "sha256:9bcde33f18792de54ee579b00e1b4fe186b7926825444766f849bf7181793a76", size = 76073, upload-time = "2025-09-11T06:47:55.773Z" },
    { url = "https://files.pythonhosted.org/packages/07/19/4b5569d9b1ebebb5907d11554a96ef3fa09364a30fcfabeff587495b512f/tree_sitter_python-0.25.0-cp310-abi3-win_arm64.whl", hash = "sha256:0fbf6a3774ad7e89ee891851204c2e2c47e12b63a5edbe2e9156997731c128bb", size = 74169, upload-time = "2025-09-11T06:47:56.747Z" },
]

[[package]]
name = "win32-setctime"
version = "1.2.0"
source = { registry = "https://pypi.org/simple" }
sdist = { url = "https://files.pythonhosted.org/packages/b3/8f/705086c9d734d3b663af0e9bb3d4de6578d08f46b1b101c2442fd9aecaa2/win32_setctime-1.2.0.tar.gz", hash = "sha256:ae1fdf948f5640aae05c511ade119313fb6a30d7eabe25fef9764dca5873c4c0", size = 4867, upload-time = "2024-12-07T15:28:28.314Z" }
wheels = [
    { url = "https://files.pythonhosted.org/packages/e1/07/c6fe3ad3e685340704d314d765b7912993bcb8dc198f0e7a89382d37974b/win32_setctime-1.2.0-py3-none-any.whl", hash = "sha256:95d644c4e708aba81dc3704a116d8cbc974d70b3bdb8be1d150e36be6e9d1390", size = 4083, upload-time = "2024-12-07T15:28:26.465Z" },
]
